
Microsoft Visual Studio Solution File, Format Version 12.00
# Visual Studio Version 17
VisualStudioVersion = 17.9.34622.214
MinimumVisualStudioVersion = 10.0.40219.1
Project("{FAE04EC0-301F-11D3-BF4B-00C04F79EFBC}") = "LAB4", "LAB4\LAB4.csproj", "{D699CBA1-9171-4B00-A2AF-4D89A9E39ABA}"
EndProject
Global
	GlobalSection(SolutionConfigurationPlatforms) = preSolution
		Debug|Any CPU = Debug|Any CPU
		Release|Any CPU = Release|Any CPU
	EndGlobalSection
	GlobalSection(ProjectConfigurationPlatforms) = postSolution
		{D699CBA1-9171-4B00-A2AF-4D89A9E39ABA}.Debug|Any CPU.ActiveCfg = Debug|Any CPU
		{D699CBA1-9171-4B00-A2AF-4D89A9E39ABA}.Debug|Any CPU.Build.0 = Debug|Any CPU
		{D699CBA1-9171-4B00-A2AF-4D89A9E39ABA}.Release|Any CPU.ActiveCfg = Release|Any CPU
		{D699CBA1-9171-4B00-A2AF-4D89A9E39ABA}.Release|Any CPU.Build.0 = Release|Any CPU
	EndGlobalSection
	GlobalSection(SolutionProperties) = preSolution
		HideSolutionNode = FALSE
	EndGlobalSection
	GlobalSection(ExtensibilityGlobals) = postSolution
		SolutionGuid = {2860219D-33B0-4C97-A06C-AB9711E1A0C5}
	EndGlobalSection
EndGlobal
